
Microsoft Visual Studio Solution File, Format Version 12.00
# Visual Studio Version 17
VisualStudioVersion = 17.4.33205.214
MinimumVisualStudioVersion = 10.0.40219.1
Project("{FAE04EC0-301F-11D3-BF4B-00C04F79EFBC}") = "RoomDisinfector_v2", "RoomDisinfector_v2.csproj", "{3C3194E4-5E67-4EE8-81BF-FE8A9C3D96D0}"
EndProject
Global
	GlobalSection(SolutionConfigurationPlatforms) = preSolution
		Debug|Any CPU = Debug|Any CPU
		Release|Any CPU = Release|Any CPU
	EndGlobalSection
	GlobalSection(ProjectConfigurationPlatforms) = postSolution
		{3C3194E4-5E67-4EE8-81BF-FE8A9C3D96D0}.Debug|Any CPU.ActiveCfg = Debug|Any CPU
		{3C3194E4-5E67-4EE8-81BF-FE8A9C3D96D0}.Debug|Any CPU.Build.0 = Debug|Any CPU
		{3C3194E4-5E67-4EE8-81BF-FE8A9C3D96D0}.Release|Any CPU.ActiveCfg = Release|Any CPU
		{3C3194E4-5E67-4EE8-81BF-FE8A9C3D96D0}.Release|Any CPU.Build.0 = Release|Any CPU
	EndGlobalSection
	GlobalSection(SolutionProperties) = preSolution
		HideSolutionNode = FALSE
	EndGlobalSection
	GlobalSection(ExtensibilityGlobals) = postSolution
		SolutionGuid = {728E72D6-03A8-41BF-8C75-D3CFCF469A8A}
	EndGlobalSection
EndGlobal
